// !$*UTF8*$!
{
	archiveVersion = 1;
	classes = {
	};
	objectVersion = 77;
	objects = {

/* Begin PBXContainerItemProxy section */
		A18E149F2EEB0ED7006E392B /* PBXContainerItemProxy */ = {
			isa = PBXContainerItemProxy;
			containerPortal = A18E14862EEB0ED3006E392B /* Project object */;
			proxyType = 1;
			remoteGlobalIDString = A18E148D2EEB0ED3006E392B;
			remoteInfo = Fichero;
		};
		A18E14A92EEB0ED7006E392B /* PBXContainerItemProxy */ = {
			isa = PBXContainerItemProxy;
			containerPortal = A18E14862EEB0ED3006E392B /* Project object */;
			proxyType = 1;
			remoteGlobalIDString = A18E148D2EEB0ED3006E392B;
			remoteInfo = Fichero;
		};
/* End PBXContainerItemProxy section */

/* Begin PBXFileReference section */
		A18E148E2EEB0ED3006E392B /* Fichero.app */ = {isa = PBXFileReference; explicitFileType = wrapper.application; includeInIndex = 0; path = Fichero.app; sourceTree = BUILT_PRODUCTS_DIR; };
		A18E149E2EEB0ED7006E392B /* FicheroTests.xctest */ = {isa = PBXFileReference; explicitFileType = wrapper.cfbundle; includeInIndex = 0; path = FicheroTests.xctest; sourceTree = BUILT_PRODUCTS_DIR; };
		A18E14A82EEB0ED7006E392B /* FicheroUITests.xctest */ = {isa = PBXFileReference; explicitFileType = wrapper.cfbundle; includeInIndex = 0; path = FicheroUITests.xctest; sourceTree = BUILT_PRODUCTS_DIR; };
/* End PBXFileReference section */

/* Begin PBXFileSystemSynchronizedRootGroup section */
		A18E14902EEB0ED3006E392B /* Fichero */ = {
			isa = PBXFileSystemSynchronizedRootGroup;
			path = Fichero;
			sourceTree = "<group>";
		};
		A18E14A12EEB0ED7006E392B /* FicheroTests */ = {
			isa = PBXFileSystemSynchronizedRootGroup;
			path = FicheroTests;
			sourceTree = "<group>";
		};
		A18E14AB2EEB0ED7006E392B /* FicheroUITests */ = {
			isa = PBXFileSystemSynchronizedRootGroup;
			path = FicheroUITests;
			sourceTree = "<group>";
		};
/* End PBXFileSystemSynchronizedRootGroup section */

/* Begin PBXFrameworksBuildPhase section */
		A18E148B2EEB0ED3006E392B /* Frameworks */ = {
			isa = PBXFrameworksBuildPhase;
			buildActionMask = 2147483647;
			files = (
			);
			runOnlyForDeploymentPostprocessing = 0;
		};
		A18E149B2EEB0ED7006E392B /* Frameworks */ = {
			isa = PBXFrameworksBuildPhase;
			buildActionMask = 2147483647;
			files = (
			);
			runOnlyForDeploymentPostprocessing = 0;
		};
		A18E14A52EEB0ED7006E392B /* Frameworks */ = {
			isa = PBXFrameworksBuildPhase;
			buildActionMask = 2147483647;
			files = (
			);
			runOnlyForDeploymentPostprocessing = 0;
		};
/* End PBXFrameworksBuildPhase section */

/* Begin PBXGroup section */
		A18E14852EEB0ED3006E392B = {
			isa = PBXGroup;
			children = (
				A18E14902EEB0ED3006E392B /* Fichero */,
				A18E14A12EEB0ED7006E392B /* FicheroTests */,
				A18E14AB2EEB0ED7006E392B /* FicheroUITests */,
				A18E148F2EEB0ED3006E392B /* Products */,
			);
			sourceTree = "<group>";
		};
		A18E148F2EEB0ED3006E392B /* Products */ = {
			isa = PBXGroup;
			children = (
				A18E148E2EEB0ED3006E392B /* Fichero.app */,
				A18E149E2EEB0ED7006E392B /* FicheroTests.xctest */,
				A18E14A82EEB0ED7006E392B /* FicheroUITests.xctest */,
			);
			name = Products;
			sourceTree = "<group>";
		};
/* End PBXGroup section */

/* Begin PBXNativeTarget section */
		A18E148D2EEB0ED3006E392B /* Fichero */ = {
			isa = PBXNativeTarget;
			buildConfigurationList = A18E14B22EEB0ED7006E392B /* Build configuration list for PBXNativeTarget "Fichero" */;
			buildPhases = (
				A18E148A2EEB0ED3006E392B /* Sources */,
				A18E148B2EEB0ED3006E392B /* Frameworks */,
				A18E148C2EEB0ED3006E392B /* Resources */,
			);
			buildRules = (
			);
			dependencies = (
			);
			fileSystemSynchronizedGroups = (
				A18E14902EEB0ED3006E392B /* Fichero */,
			);
			name = Fichero;
			packageProductDependencies = (
			);
			productName = Fichero;
			productReference = A18E148E2EEB0ED3006E392B /* Fichero.app */;
			productType = "com.apple.product-type.application";
		};
		A18E149D2EEB0ED7006E392B /* FicheroTests */ = {
			isa = PBXNativeTarget;
			buildConfigurationList = A18E14B52EEB0ED7006E392B /* Build configuration list for PBXNativeTarget "FicheroTests" */;
			buildPhases = (
				A18E149A2EEB0ED7006E392B /* Sources */,
				A18E149B2EEB0ED7006E392B /* Frameworks */,
				A18E149C2EEB0ED7006E392B /* Resources */,
			);
			buildRules = (
			);
			dependencies = (
				A18E14A02EEB0ED7006E392B /* PBXTargetDependency */,
			);
			fileSystemSynchronizedGroups = (
				A18E14A12EEB0ED7006E392B /* FicheroTests */,
			);
			name = FicheroTests;
			packageProductDependencies = (
			);
			productName = FicheroTests;
			productReference = A18E149E2EEB0ED7006E392B /* FicheroTests.xctest */;
			productType = "com.apple.product-type.bundle.unit-test";
		};
		A18E14A72EEB0ED7006E392B /* FicheroUITests */ = {
			isa = PBXNativeTarget;
			buildConfigurationList = A18E14B82EEB0ED7006E392B /* Build configuration list for PBXNativeTarget "FicheroUITests" */;
			buildPhases = (
				A18E14A42EEB0ED7006E392B /* Sources */,
				A18E14A52EEB0ED7006E392B /* Frameworks */,
				A18E14A62EEB0ED7006E392B /* Resources */,
			);
			buildRules = (
			);
			dependencies = (
				A18E14AA2EEB0ED7006E392B /* PBXTargetDependency */,
			);
			fileSystemSynchronizedGroups = (
				A18E14AB2EEB0ED7006E392B /* FicheroUITests */,
			);
			name = FicheroUITests;
			packageProductDependencies = (
			);
			productName = FicheroUITests;
			productReference = A18E14A82EEB0ED7006E392B /* FicheroUITests.xctest */;
			productType = "com.apple.product-type.bundle.ui-testing";
		};
/* End PBXNativeTarget section */

/* Begin PBXProject section */
		A18E14862EEB0ED3006E392B /* Project object */ = {
			isa = PBXProject;
			attributes = {
				BuildIndependentTargetsInParallel = 1;
				LastSwiftUpdateCheck = 1640;
				LastUpgradeCheck = 1640;
				TargetAttributes = {
					A18E148D2EEB0ED3006E392B = {
						CreatedOnToolsVersion = 16.4;
					};
					A18E149D2EEB0ED7006E392B = {
						CreatedOnToolsVersion = 16.4;
						TestTargetID = A18E148D2EEB0ED3006E392B;
					};
					A18E14A72EEB0ED7006E392B = {
						CreatedOnToolsVersion = 16.4;
						TestTargetID = A18E148D2EEB0ED3006E392B;
					};
				};
			};
			buildConfigurationList = A18E14892EEB0ED3006E392B /* Build configuration list for PBXProject "Fichero" */;
			developmentRegion = en;
			hasScannedForEncodings = 0;
			knownRegions = (
				en,
				Base,
			);
			mainGroup = A18E14852EEB0ED3006E392B;
			minimizedProjectReferenceProxies = 1;
			preferredProjectObjectVersion = 77;
			productRefGroup = A18E148F2EEB0ED3006E392B /* Products */;
			projectDirPath = "";
			projectRoot = "";
			targets = (
				A18E148D2EEB0ED3006E392B /* Fichero */,
				A18E149D2EEB0ED7006E392B /* FicheroTests */,
				A18E14A72EEB0ED7006E392B /* FicheroUITests */,
			);
		};
/* End PBXProject section */

/* Begin PBXResourcesBuildPhase section */
		A18E148C2EEB0ED3006E392B /* Resources */ = {
			isa = PBXResourcesBuildPhase;
			buildActionMask = 2147483647;
			files = (
			);
			runOnlyForDeploymentPostprocessing = 0;
		};
		A18E149C2EEB0ED7006E392B /* Resources */ = {
			isa = PBXResourcesBuildPhase;
			buildActionMask = 2147483647;
			files = (
			);
			runOnlyForDeploymentPostprocessing = 0;
		};
		A18E14A62EEB0ED7006E392B /* Resources */ = {
			isa = PBXResourcesBuildPhase;
			buildActionMask = 2147483647;
			files = (
			);
			runOnlyForDeploymentPostprocessing = 0;
		};
/* End PBXResourcesBuildPhase section */

/* Begin PBXSourcesBuildPhase section */
		A18E148A2EEB0ED3006E392B /* Sources */ = {
			isa = PBXSourcesBuildPhase;
			buildActionMask = 2147483647;
			files = (
			);
			runOnlyForDeploymentPostprocessing = 0;
		};
		A18E149A2EEB0ED7006E392B /* Sources */ = {
			isa = PBXSourcesBuildPhase;
			buildActionMask = 2147483647;
			files = (
			);
			runOnlyForDeploymentPostprocessing = 0;
		};
		A18E14A42EEB0ED7006E392B /* Sources */ = {
			isa = PBXSourcesBuildPhase;
			buildActionMask = 2147483647;
			files = (
			);
			runOnlyForDeploymentPostprocessing = 0;
		};
/* End PBXSourcesBuildPhase section */

/* Begin PBXTargetDependency section */
		A18E14A02EEB0ED7006E392B /* PBXTargetDependency */ = {
			isa = PBXTargetDependency;
			target = A18E148D2EEB0ED3006E392B /* Fichero */;
			targetProxy = A18E149F2EEB0ED7006E392B /* PBXContainerItemProxy */;
		};
		A18E14AA2EEB0ED7006E392B /* PBXTargetDependency */ = {
			isa = PBXTargetDependency;
			target = A18E148D2EEB0ED3006E392B /* Fichero */;
			targetProxy = A18E14A92EEB0ED7006E392B /* PBXContainerItemProxy */;
		};
/* End PBXTargetDependency section */

/* Begin XCBuildConfiguration section */
		A18E14B02EEB0ED7006E392B /* Debug */ = {
			isa = XCBuildConfiguration;
			buildSettings = {
				ALWAYS_SEARCH_USER_PATHS = NO;
				ASSETCATALOG_COMPILER_GENERATE_SWIFT_ASSET_SYMBOL_EXTENSIONS = YES;
				CLANG_ANALYZER_NONNULL = YES;
				CLANG_ANALYZER_NUMBER_OBJECT_CONVERSION = YES_AGGRESSIVE;
				CLANG_CXX_LANGUAGE_STANDARD = "gnu++20";
				CLANG_ENABLE_MODULES = YES;
				CLANG_ENABLE_OBJC_ARC = YES;
				CLANG_ENABLE_OBJC_WEAK = YES;
				CLANG_WARN_BLOCK_CAPTURE_AUTORELEASING = YES;
				CLANG_WARN_BOOL_CONVERSION = YES;
				CLANG_WARN_COMMA = YES;
				CLANG_WARN_CONSTANT_CONVERSION = YES;
				CLANG_WARN_DEPRECATED_OBJC_IMPLEMENTATIONS = YES;
				CLANG_WARN_DIRECT_OBJC_ISA_USAGE = YES_ERROR;
				CLANG_WARN_DOCUMENTATION_COMMENTS = YES;
				CLANG_WARN_EMPTY_BODY = YES;
				CLANG_WARN_ENUM_CONVERSION = YES;
				CLANG_WARN_INFINITE_RECURSION = YES;
				CLANG_WARN_INT_CONVERSION = YES;
				CLANG_WARN_NON_LITERAL_NULL_CONVERSION = YES;
				CLANG_WARN_OBJC_IMPLICIT_RETAIN_SELF = YES;
				CLANG_WARN_OBJC_LITERAL_CONVERSION = YES;
				CLANG_WARN_OBJC_ROOT_CLASS = YES_ERROR;
				CLANG_WARN_QUOTED_INCLUDE_IN_FRAMEWORK_HEADER = YES;
				CLANG_WARN_RANGE_LOOP_ANALYSIS = YES;
				CLANG_WARN_STRICT_PROTOTYPES = YES;
				CLANG_WARN_SUSPICIOUS_MOVE = YES;
				CLANG_WARN_UNGUARDED_AVAILABILITY = YES_AGGRESSIVE;
				CLANG_WARN_UNREACHABLE_CODE = YES;
				CLANG_WARN__DUPLICATE_METHOD_MATCH = YES;
				COPY_PHASE_STRIP = NO;
				DEBUG_INFORMATION_FORMAT = dwarf;
				DEVELOPMENT_TEAM = QAPB6CWYR6;
				ENABLE_STRICT_OBJC_MSGSEND = YES;
				ENABLE_TESTABILITY = YES;
				ENABLE_USER_SCRIPT_SANDBOXING = YES;
				GCC_C_LANGUAGE_STANDARD = gnu17;
				GCC_DYNAMIC_NO_PIC = NO;
				GCC_NO_COMMON_BLOCKS = YES;
				GCC_OPTIMIZATION_LEVEL = 0;
				GCC_PREPROCESSOR_DEFINITIONS = (
					"DEBUG=1",
					"$(inherited)",
				);
				GCC_WARN_64_TO_32_BIT_CONVERSION = YES;
				GCC_WARN_ABOUT_RETURN_TYPE = YES_ERROR;
				GCC_WARN_UNDECLARED_SELECTOR = YES;
				GCC_WARN_UNINITIALIZED_AUTOS = YES_AGGRESSIVE;
				GCC_WARN_UNUSED_FUNCTION = YES;
				GCC_WARN_UNUSED_VARIABLE = YES;
				LOCALIZATION_PREFERS_STRING_CATALOGS = YES;
				MACOSX_DEPLOYMENT_TARGET = 15.5;
				MTL_ENABLE_DEBUG_INFO = INCLUDE_SOURCE;
				MTL_FAST_MATH = YES;
				ONLY_ACTIVE_ARCH = YES;
				SDKROOT = macosx;
				SWIFT_ACTIVE_COMPILATION_CONDITIONS = "DEBUG $(inherited)";
				SWIFT_OPTIMIZATION_LEVEL = "-Onone";
			};
			name = Debug;
		};
		A18E14B12EEB0ED7006E392B /* Release */ = {
			isa = XCBuildConfiguration;
			buildSettings = {
				ALWAYS_SEARCH_USER_PATHS = NO;
				ASSETCATALOG_COMPILER_GENERATE_SWIFT_ASSET_SYMBOL_EXTENSIONS = YES;
				CLANG_ANALYZER_NONNULL = YES;
				CLANG_ANALYZER_NUMBER_OBJECT_CONVERSION = YES_AGGRESSIVE;
				CLANG_CXX_LANGUAGE_STANDARD = "gnu++20";
				CLANG_ENABLE_MODULES = YES;
				CLANG_ENABLE_OBJC_ARC = YES;
				CLANG_ENABLE_OBJC_WEAK = YES;
				CLANG_WARN_BLOCK_CAPTURE_AUTORELEASING = YES;
				CLANG_WARN_BOOL_CONVERSION = YES;
				CLANG_WARN_COMMA = YES;
				CLANG_WARN_CONSTANT_CONVERSION = YES;
				CLANG_WARN_DEPRECATED_OBJC_IMPLEMENTATIONS = YES;
				CLANG_WARN_DIRECT_OBJC_ISA_USAGE = YES_ERROR;
				CLANG_WARN_DOCUMENTATION_COMMENTS = YES;
				CLANG_WARN_EMPTY_BODY = YES;
				CLANG_WARN_ENUM_CONVERSION = YES;
				CLANG_WARN_INFINITE_RECURSION = YES;
				CLANG_WARN_INT_CONVERSION = YES;
				CLANG_WARN_NON_LITERAL_NULL_CONVERSION = YES;
				CLANG_WARN_OBJC_IMPLICIT_RETAIN_SELF = YES;
				CLANG_WARN_OBJC_LITERAL_CONVERSION = YES;
				CLANG_WARN_OBJC_ROOT_CLASS = YES_ERROR;
				CLANG_WARN_QUOTED_INCLUDE_IN_FRAMEWORK_HEADER = YES;
				CLANG_WARN_RANGE_LOOP_ANALYSIS = YES;
				CLANG_WARN_STRICT_PROTOTYPES = YES;
				CLANG_WARN_SUSPICIOUS_MOVE = YES;
				CLANG_WARN_UNGUARDED_AVAILABILITY = YES_AGGRESSIVE;
				CLANG_WARN_UNREACHABLE_CODE = YES;
				CLANG_WARN__DUPLICATE_METHOD_MATCH = YES;
				COPY_PHASE_STRIP = NO;
				DEBUG_INFORMATION_FORMAT = "dwarf-with-dsym";
				DEVELOPMENT_TEAM = QAPB6CWYR6;
				ENABLE_NS_ASSERTIONS = NO;
				ENABLE_STRICT_OBJC_MSGSEND = YES;
				ENABLE_USER_SCRIPT_SANDBOXING = YES;
				GCC_C_LANGUAGE_STANDARD = gnu17;
				GCC_NO_COMMON_BLOCKS = YES;
				GCC_WARN_64_TO_32_BIT_CONVERSION = YES;
				GCC_WARN_ABOUT_RETURN_TYPE = YES_ERROR;
				GCC_WARN_UNDECLARED_SELECTOR = YES;
				GCC_WARN_UNINITIALIZED_AUTOS = YES_AGGRESSIVE;
				GCC_WARN_UNUSED_FUNCTION = YES;
				GCC_WARN_UNUSED_VARIABLE = YES;
				LOCALIZATION_PREFERS_STRING_CATALOGS = YES;
				MACOSX_DEPLOYMENT_TARGET = 15.5;
				MTL_ENABLE_DEBUG_INFO = NO;
				MTL_FAST_MATH = YES;
				SDKROOT = macosx;
				SWIFT_COMPILATION_MODE = wholemodule;
			};
			name = Release;
		};
		A18E14B32EEB0ED7006E392B /* Debug */ = {
			isa = XCBuildConfiguration;
			buildSettings = {
				ASSETCATALOG_COMPILER_APPICON_NAME = AppIcon;
				ASSETCATALOG_COMPILER_GLOBAL_ACCENT_COLOR_NAME = AccentColor;
				CODE_SIGN_ENTITLEMENTS = Fichero/Fichero.entitlements;
				CODE_SIGN_STYLE = Automatic;
				COMBINE_HIDPI_IMAGES = YES;
				CURRENT_PROJECT_VERSION = 1;
				DEVELOPMENT_TEAM = QAPB6CWYR6;
				ENABLE_HARDENED_RUNTIME = YES;
				ENABLE_PREVIEWS = YES;
				GENERATE_INFOPLIST_FILE = YES;
				INFOPLIST_KEY_NSHumanReadableCopyright = "";
				LD_RUNPATH_SEARCH_PATHS = (
					"$(inherited)",
					"@executable_path/../Frameworks",
				);
				MACOSX_DEPLOYMENT_TARGET = 14.0;
				MARKETING_VERSION = 1.0;
				PRODUCT_BUNDLE_IDENTIFIER = dtubb.Fichero;
				PRODUCT_NAME = "$(TARGET_NAME)";
				REGISTER_APP_GROUPS = YES;
				SWIFT_EMIT_LOC_STRINGS = YES;
				SWIFT_VERSION = 5.0;
			};
			name = Debug;
		};
		A18E14B42EEB0ED7006E392B /* Release */ = {
			isa = XCBuildConfiguration;
			buildSettings = {
				ASSETCATALOG_COMPILER_APPICON_NAME = AppIcon;
				ASSETCATALOG_COMPILER_GLOBAL_ACCENT_COLOR_NAME = AccentColor;
				CODE_SIGN_ENTITLEMENTS = Fichero/Fichero.entitlements;
				CODE_SIGN_STYLE = Automatic;
				COMBINE_HIDPI_IMAGES = YES;
				CURRENT_PROJECT_VERSION = 1;
				DEVELOPMENT_TEAM = QAPB6CWYR6;
				ENABLE_HARDENED_RUNTIME = YES;
				ENABLE_PREVIEWS = YES;
				GENERATE_INFOPLIST_FILE = YES;
				INFOPLIST_KEY_NSHumanReadableCopyright = "";
				LD_RUNPATH_SEARCH_PATHS = (
					"$(inherited)",
					"@executable_path/../Frameworks",
				);
				MACOSX_DEPLOYMENT_TARGET = 14.0;
				MARKETING_VERSION = 1.0;
				PRODUCT_BUNDLE_IDENTIFIER = dtubb.Fichero;
				PRODUCT_NAME = "$(TARGET_NAME)";
				REGISTER_APP_GROUPS = YES;
				SWIFT_EMIT_LOC_STRINGS = YES;
				SWIFT_VERSION = 5.0;
			};
			name = Release;
		};
		A18E14B62EEB0ED7006E392B /* Debug */ = {
			isa = XCBuildConfiguration;
			buildSettings = {
				BUNDLE_LOADER = "$(TEST_HOST)";
				CODE_SIGN_STYLE = Automatic;
				CURRENT_PROJECT_VERSION = 1;
				DEVELOPMENT_TEAM = QAPB6CWYR6;
				GENERATE_INFOPLIST_FILE = YES;
				MACOSX_DEPLOYMENT_TARGET = 14.0;
				MARKETING_VERSION = 1.0;
				PRODUCT_BUNDLE_IDENTIFIER = dtubb.FicheroTests;
				PRODUCT_NAME = "$(TARGET_NAME)";
				SWIFT_EMIT_LOC_STRINGS = NO;
				SWIFT_VERSION = 5.0;
				TEST_HOST = "$(BUILT_PRODUCTS_DIR)/Fichero.app/$(BUNDLE_EXECUTABLE_FOLDER_PATH)/Fichero";
			};
			name = Debug;
		};
		A18E14B72EEB0ED7006E392B /* Release */ = {
			isa = XCBuildConfiguration;
			buildSettings = {
				BUNDLE_LOADER = "$(TEST_HOST)";
				CODE_SIGN_STYLE = Automatic;
				CURRENT_PROJECT_VERSION = 1;
				DEVELOPMENT_TEAM = QAPB6CWYR6;
				GENERATE_INFOPLIST_FILE = YES;
				MACOSX_DEPLOYMENT_TARGET = 14.0;
				MARKETING_VERSION = 1.0;
				PRODUCT_BUNDLE_IDENTIFIER = dtubb.FicheroTests;
				PRODUCT_NAME = "$(TARGET_NAME)";
				SWIFT_EMIT_LOC_STRINGS = NO;
				SWIFT_VERSION = 5.0;
				TEST_HOST = "$(BUILT_PRODUCTS_DIR)/Fichero.app/$(BUNDLE_EXECUTABLE_FOLDER_PATH)/Fichero";
			};
			name = Release;
		};
		A18E14B92EEB0ED7006E392B /* Debug */ = {
			isa = XCBuildConfiguration;
			buildSettings = {
				CODE_SIGN_STYLE = Automatic;
				CURRENT_PROJECT_VERSION = 1;
				DEVELOPMENT_TEAM = QAPB6CWYR6;
				GENERATE_INFOPLIST_FILE = YES;
				MARKETING_VERSION = 1.0;
				PRODUCT_BUNDLE_IDENTIFIER = dtubb.FicheroUITests;
				PRODUCT_NAME = "$(TARGET_NAME)";
				SWIFT_EMIT_LOC_STRINGS = NO;
				SWIFT_VERSION = 5.0;
				TEST_TARGET_NAME = Fichero;
			};
			name = Debug;
		};
		A18E14BA2EEB0ED7006E392B /* Release */ = {
			isa = XCBuildConfiguration;
			buildSettings = {
				CODE_SIGN_STYLE = Automatic;
				CURRENT_PROJECT_VERSION = 1;
				DEVELOPMENT_TEAM = QAPB6CWYR6;
				GENERATE_INFOPLIST_FILE = YES;
				MARKETING_VERSION = 1.0;
				PRODUCT_BUNDLE_IDENTIFIER = dtubb.FicheroUITests;
				PRODUCT_NAME = "$(TARGET_NAME)";
				SWIFT_EMIT_LOC_STRINGS = NO;
				SWIFT_VERSION = 5.0;
				TEST_TARGET_NAME = Fichero;
			};
			name = Release;
		};
/* End XCBuildConfiguration section */

/* Begin XCConfigurationList section */
		A18E14892EEB0ED3006E392B /* Build configuration list for PBXProject "Fichero" */ = {
			isa = XCConfigurationList;
			buildConfigurations = (
				A18E14B02EEB0ED7006E392B /* Debug */,
				A18E14B12EEB0ED7006E392B /* Release */,
			);
			defaultConfigurationIsVisible = 0;
			defaultConfigurationName = Release;
		};
		A18E14B22EEB0ED7006E392B /* Build configuration list for PBXNativeTarget "Fichero" */ = {
			isa = XCConfigurationList;
			buildConfigurations = (
				A18E14B32EEB0ED7006E392B /* Debug */,
				A18E14B42EEB0ED7006E392B /* Release */,
			);
			defaultConfigurationIsVisible = 0;
			defaultConfigurationName = Release;
		};
		A18E14B52EEB0ED7006E392B /* Build configuration list for PBXNativeTarget "FicheroTests" */ = {
			isa = XCConfigurationList;
			buildConfigurations = (
				A18E14B62EEB0ED7006E392B /* Debug */,
				A18E14B72EEB0ED7006E392B /* Release */,
			);
			defaultConfigurationIsVisible = 0;
			defaultConfigurationName = Release;
		};
		A18E14B82EEB0ED7006E392B /* Build configuration list for PBXNativeTarget "FicheroUITests" */ = {
			isa = XCConfigurationList;
			buildConfigurations = (
				A18E14B92EEB0ED7006E392B /* Debug */,
				A18E14BA2EEB0ED7006E392B /* Release */,
			);
			defaultConfigurationIsVisible = 0;
			defaultConfigurationName = Release;
		};
/* End XCConfigurationList section */
	};
	rootObject = A18E14862EEB0ED3006E392B /* Project object */;
}
